{
  "requires": true,
  "lockfileVersion": 1,
  "dependencies": {
    "@types/elasticsearch": {
      "version": "5.0.35",
      "resolved": "https://registry.npmjs.org/@types/elasticsearch/-/elasticsearch-5.0.35.tgz",
      "integrity": "sha512-oqQylLukPuPtQWPKT7NeTZ23sVNAF9GYAJCMIexxO/Rjmtdv95I1hdfORp7r+eukyqQ3Y5xUS6ZA5mPkKl6JwA==",
      "dev": true
    }
  }
}
